
Microsoft Visual Studio Solution File, Format Version 12.00
# Visual Studio 15
VisualStudioVersion = 15.0.28010.2046
MinimumVisualStudioVersion = 10.0.40219.1
Project("{FAE04EC0-301F-11D3-BF4B-00C04F79EFBC}") = "Mobile01.Android", "Mobile01\Mobile01.Android\Mobile01.Android.csproj", "{2037ACD0-FF31-430C-8B5A-63E6BFE784A0}"
EndProject
Project("{FAE04EC0-301F-11D3-BF4B-00C04F79EFBC}") = "Mobile01", "Mobile01\Mobile01\Mobile01.csproj", "{46CC755B-9BB0-4A2D-9513-3064B400D431}"
EndProject
Global
	GlobalSection(SolutionConfigurationPlatforms) = preSolution
		Debug|Any CPU = Debug|Any CPU
		Release|Any CPU = Release|Any CPU
	EndGlobalSection
	GlobalSection(ProjectConfigurationPlatforms) = postSolution
		{2037ACD0-FF31-430C-8B5A-63E6BFE784A0}.Debug|Any CPU.ActiveCfg = Debug|Any CPU
		{2037ACD0-FF31-430C-8B5A-63E6BFE784A0}.Debug|Any CPU.Build.0 = Debug|Any CPU
		{2037ACD0-FF31-430C-8B5A-63E6BFE784A0}.Debug|Any CPU.Deploy.0 = Debug|Any CPU
		{2037ACD0-FF31-430C-8B5A-63E6BFE784A0}.Release|Any CPU.ActiveCfg = Release|Any CPU
		{2037ACD0-FF31-430C-8B5A-63E6BFE784A0}.Release|Any CPU.Build.0 = Release|Any CPU
		{2037ACD0-FF31-430C-8B5A-63E6BFE784A0}.Release|Any CPU.Deploy.0 = Release|Any CPU
		{46CC755B-9BB0-4A2D-9513-3064B400D431}.Debug|Any CPU.ActiveCfg = Debug|Any CPU
		{46CC755B-9BB0-4A2D-9513-3064B400D431}.Debug|Any CPU.Build.0 = Debug|Any CPU
		{46CC755B-9BB0-4A2D-9513-3064B400D431}.Debug|Any CPU.Deploy.0 = Debug|Any CPU
		{46CC755B-9BB0-4A2D-9513-3064B400D431}.Release|Any CPU.ActiveCfg = Release|Any CPU
		{46CC755B-9BB0-4A2D-9513-3064B400D431}.Release|Any CPU.Build.0 = Release|Any CPU
		{46CC755B-9BB0-4A2D-9513-3064B400D431}.Release|Any CPU.Deploy.0 = Release|Any CPU
	EndGlobalSection
	GlobalSection(SolutionProperties) = preSolution
		HideSolutionNode = FALSE
	EndGlobalSection
	GlobalSection(ExtensibilityGlobals) = postSolution
		SolutionGuid = {BC74E89B-BD61-4F8E-9B06-F22C90F894E4}
	EndGlobalSection
EndGlobal
